
Microsoft Visual Studio Solution File, Format Version 12.00
# Visual Studio Version 16
VisualStudioVersion = 16.0.30503.244
MinimumVisualStudioVersion = 10.0.40219.1
Project("{FAE04EC0-301F-11D3-BF4B-00C04F79EFBC}") = "AppStarter", "AppStarter.csproj", "{76181922-5B0D-4423-A34E-CD5AF687B29A}"
EndProject
Global
	GlobalSection(SolutionConfigurationPlatforms) = preSolution
		Debug|Any CPU = Debug|Any CPU
		Release|Any CPU = Release|Any CPU
	EndGlobalSection
	GlobalSection(ProjectConfigurationPlatforms) = postSolution
		{76181922-5B0D-4423-A34E-CD5AF687B29A}.Debug|Any CPU.ActiveCfg = Debug|Any CPU
		{76181922-5B0D-4423-A34E-CD5AF687B29A}.Debug|Any CPU.Build.0 = Debug|Any CPU
		{76181922-5B0D-4423-A34E-CD5AF687B29A}.Release|Any CPU.ActiveCfg = Release|Any CPU
		{76181922-5B0D-4423-A34E-CD5AF687B29A}.Release|Any CPU.Build.0 = Release|Any CPU
	EndGlobalSection
	GlobalSection(SolutionProperties) = preSolution
		HideSolutionNode = FALSE
	EndGlobalSection
	GlobalSection(ExtensibilityGlobals) = postSolution
		SolutionGuid = {3C79DA7C-03F6-478A-B382-D52BA4E915CE}
	EndGlobalSection
EndGlobal
